
Microsoft Visual Studio Solution File, Format Version 12.00
# Visual Studio Version 17
VisualStudioVersion = 17.5.33530.505
MinimumVisualStudioVersion = 10.0.40219.1
Project("{FAE04EC0-301F-11D3-BF4B-00C04F79EFBC}") = "ParamsStudy", "ParamsStudy\ParamsStudy.csproj", "{D7DBAE26-5349-4A94-8F7E-71DB9F1CB712}"
EndProject
Global
	GlobalSection(SolutionConfigurationPlatforms) = preSolution
		Debug|Any CPU = Debug|Any CPU
		Release|Any CPU = Release|Any CPU
	EndGlobalSection
	GlobalSection(ProjectConfigurationPlatforms) = postSolution
		{D7DBAE26-5349-4A94-8F7E-71DB9F1CB712}.Debug|Any CPU.ActiveCfg = Debug|Any CPU
		{D7DBAE26-5349-4A94-8F7E-71DB9F1CB712}.Debug|Any CPU.Build.0 = Debug|Any CPU
		{D7DBAE26-5349-4A94-8F7E-71DB9F1CB712}.Release|Any CPU.ActiveCfg = Release|Any CPU
		{D7DBAE26-5349-4A94-8F7E-71DB9F1CB712}.Release|Any CPU.Build.0 = Release|Any CPU
	EndGlobalSection
	GlobalSection(SolutionProperties) = preSolution
		HideSolutionNode = FALSE
	EndGlobalSection
	GlobalSection(ExtensibilityGlobals) = postSolution
		SolutionGuid = {EA3D0F60-6E17-4438-8A5D-DD4054DF6779}
	EndGlobalSection
EndGlobal
